
Microsoft Visual Studio Solution File, Format Version 12.00
# Visual Studio Version 17
VisualStudioVersion = 17.8.34330.188
MinimumVisualStudioVersion = 10.0.40219.1
Project("{2150E333-8FDC-42A3-9474-1A3956D46DE8}") = "src", "src", "{88B0F225-25A1-4710-9346-9653BCEE0D97}"
EndProject
Project("{2150E333-8FDC-42A3-9474-1A3956D46DE8}") = "resources", "resources", "{600D3DDD-0AB7-4C9D-815B-F3BCAE1350DA}"
	ProjectSection(SolutionItems) = preProject
		resources\docker-compose.yaml = resources\docker-compose.yaml
	EndProjectSection
EndProject
Project("{2150E333-8FDC-42A3-9474-1A3956D46DE8}") = "shared", "shared", "{7C446BF8-6C29-44EA-BF60-0F249269464C}"
	ProjectSection(SolutionItems) = preProject
		resources\shared\grafana-datasources.yaml = resources\shared\grafana-datasources.yaml
		resources\shared\loki-config.yaml = resources\shared\loki-config.yaml
		resources\shared\otel-config.yaml = resources\shared\otel-config.yaml
		resources\shared\prometheus-config.yaml = resources\shared\prometheus-config.yaml
		resources\shared\tempo-config.yaml = resources\shared\tempo-config.yaml
		resources\shared\grafana-dashboards.yaml = resources\shared\grafana-dashboards.yaml
	EndProjectSection
EndProject
Project("{2150E333-8FDC-42A3-9474-1A3956D46DE8}") = "entrypoints", "entrypoints", "{EBFDC2CC-2318-45BC-B619-8754439D2541}"
EndProject
Project("{2150E333-8FDC-42A3-9474-1A3956D46DE8}") = "domain", "domain", "{D4373A94-4BBC-46D8-BC13-438F0B895467}"
EndProject
Project("{FAE04EC0-301F-11D3-BF4B-00C04F79EFBC}") = "CodeDesignPlus.Net.Microservice.Domain", "src\domain\CodeDesignPlus.Net.Microservice.Domain\CodeDesignPlus.Net.Microservice.Domain.csproj", "{99DF2DDB-D964-4E58-BEA0-DCD466C94DAF}"
EndProject
Project("{FAE04EC0-301F-11D3-BF4B-00C04F79EFBC}") = "CodeDesignPlus.Net.Microservice.Application", "src\domain\CodeDesignPlus.Net.Microservice.Application\CodeDesignPlus.Net.Microservice.Application.csproj", "{9AFB99ED-40CA-4992-A301-EEF8519C7240}"
EndProject
Project("{FAE04EC0-301F-11D3-BF4B-00C04F79EFBC}") = "CodeDesignPlus.Net.Microservice.Infrastructure", "src\domain\CodeDesignPlus.Net.Microservice.Infrastructure\CodeDesignPlus.Net.Microservice.Infrastructure.csproj", "{74D017BE-39B9-4D77-9E08-1DF7B8A4FE62}"
EndProject
Project("{FAE04EC0-301F-11D3-BF4B-00C04F79EFBC}") = "CodeDesignPlus.Net.Microservice.AsyncWorker", "src\entrypoints\CodeDesignPlus.Net.Microservice.AsyncWorker\CodeDesignPlus.Net.Microservice.AsyncWorker.csproj", "{97F34780-1E43-49AA-9FCA-798815A69E77}"
EndProject
Project("{FAE04EC0-301F-11D3-BF4B-00C04F79EFBC}") = "CodeDesignPlus.Net.Microservice.gRpc", "src\entrypoints\CodeDesignPlus.Net.Microservice.gRpc\CodeDesignPlus.Net.Microservice.gRpc.csproj", "{25D85FA0-461E-4BB1-A956-55DA4835122A}"
EndProject
Project("{FAE04EC0-301F-11D3-BF4B-00C04F79EFBC}") = "CodeDesignPlus.Net.Microservice.Rest", "src\entrypoints\CodeDesignPlus.Net.Microservice.Rest\CodeDesignPlus.Net.Microservice.Rest.csproj", "{4971758B-7FA0-489F-A5EF-5913385BB672}"
EndProject
Project("{2150E333-8FDC-42A3-9474-1A3956D46DE8}") = "tests", "tests", "{8CA2014D-1EBA-4CC8-B303-13289F7F279C}"
	ProjectSection(SolutionItems) = preProject
		load-rest.js = load-rest.js
	EndProjectSection
EndProject
Project("{FAE04EC0-301F-11D3-BF4B-00C04F79EFBC}") = "CodeDesignPlus.Net.Microservice.Rest.Test", "tests\CodeDesignPlus.Net.Microservice.Rest.Test\CodeDesignPlus.Net.Microservice.Rest.Test.csproj", "{37EF7822-C019-4075-98FE-08E61627C707}"
EndProject
Project("{FAE04EC0-301F-11D3-BF4B-00C04F79EFBC}") = "CodeDesignPlus.Net.Microservice.gRpc.Test", "tests\CodeDesignPlus.Net.Microservice.gRpc.Test\CodeDesignPlus.Net.Microservice.gRpc.Test.csproj", "{7E36DB27-CCC9-4289-B7FF-A645A64B0CF8}"
EndProject
Project("{FAE04EC0-301F-11D3-BF4B-00C04F79EFBC}") = "CodeDesignPlus.Net.Microservice.AsyncWorker.Test", "tests\CodeDesignPlus.Net.Microservice.AsyncWorker.Test\CodeDesignPlus.Net.Microservice.AsyncWorker.Test.csproj", "{25C99D9E-8203-4DC9-9C54-64C06277F4D6}"
EndProject
Project("{FAE04EC0-301F-11D3-BF4B-00C04F79EFBC}") = "CodeDesignPlus.Net.Microservice.Domain.Test", "tests\CodeDesignPlus.Net.Microservice.Domain.Test\CodeDesignPlus.Net.Microservice.Domain.Test.csproj", "{81072338-3624-4DF7-9772-D3921FE3A02C}"
EndProject
Project("{FAE04EC0-301F-11D3-BF4B-00C04F79EFBC}") = "CodeDesignPlus.Net.Microservice.Infrastructure.Test", "tests\CodeDesignPlus.Net.Microservice.Infrastructure.Test\CodeDesignPlus.Net.Microservice.Infrastructure.Test.csproj", "{D0F99E3F-CCF7-479A-B471-3979563E3130}"
EndProject
Project("{FAE04EC0-301F-11D3-BF4B-00C04F79EFBC}") = "CodeDesignPlus.Net.Microservice.Application.Test", "tests\CodeDesignPlus.Net.Microservice.Application.Test\CodeDesignPlus.Net.Microservice.Application.Test.csproj", "{6A2BE50F-AF85-450B-A96C-9215B835F66A}"
EndProject
Project("{2150E333-8FDC-42A3-9474-1A3956D46DE8}") = "scripts", "scripts", "{CE331B2A-8735-469E-80AC-B2994AD8BBFF}"
EndProject
Project("{FAE04EC0-301F-11D3-BF4B-00C04F79EFBC}") = "ConsoleApp1", "tests\ConsoleApp1\ConsoleApp1.csproj", "{FB1EC7C4-0D7B-46F5-900D-C1385C412A57}"
EndProject
Project("{FAE04EC0-301F-11D3-BF4B-00C04F79EFBC}") = "CodeDesignPlus.Net.RabbitMQ", "..\CodeDesignPlus.Net.Sdk\packages\CodeDesignPlus.Net.RabbitMQ\src\CodeDesignPlus.Net.RabbitMQ\CodeDesignPlus.Net.RabbitMQ.csproj", "{3F270385-69CD-4222-B4EC-45C7081D124F}"
EndProject
Project("{FAE04EC0-301F-11D3-BF4B-00C04F79EFBC}") = "CodeDesignPlus.Net.Core", "..\CodeDesignPlus.Net.Sdk\packages\CodeDesignPlus.Net.Core\src\CodeDesignPlus.Net.Core\CodeDesignPlus.Net.Core.csproj", "{E2CEBBAF-6DF7-41E9-815D-9AD4CF90C844}"
EndProject
Project("{FAE04EC0-301F-11D3-BF4B-00C04F79EFBC}") = "CodeDesignPlus.Net.PubSub", "..\CodeDesignPlus.Net.Sdk\packages\CodeDesignPlus.Net.PubSub\src\CodeDesignPlus.Net.PubSub\CodeDesignPlus.Net.PubSub.csproj", "{5689BC80-9345-4FFC-BDD7-67ECD75A6935}"
EndProject
Project("{FAE04EC0-301F-11D3-BF4B-00C04F79EFBC}") = "CodeDesignPlus.Net.RabbitMQ.Abstractions", "..\CodeDesignPlus.Net.Sdk\packages\CodeDesignPlus.Net.RabbitMQ\src\CodeDesignPlus.Net.RabbitMQ.Abstractions\CodeDesignPlus.Net.RabbitMQ.Abstractions.csproj", "{4B1350D1-89C2-4541-8F1C-8D0ED85048F2}"
EndProject
Global
	GlobalSection(SolutionConfigurationPlatforms) = preSolution
		Debug|Any CPU = Debug|Any CPU
		Release|Any CPU = Release|Any CPU
	EndGlobalSection
	GlobalSection(ProjectConfigurationPlatforms) = postSolution
		{99DF2DDB-D964-4E58-BEA0-DCD466C94DAF}.Debug|Any CPU.ActiveCfg = Debug|Any CPU
		{99DF2DDB-D964-4E58-BEA0-DCD466C94DAF}.Debug|Any CPU.Build.0 = Debug|Any CPU
		{99DF2DDB-D964-4E58-BEA0-DCD466C94DAF}.Release|Any CPU.ActiveCfg = Release|Any CPU
		{99DF2DDB-D964-4E58-BEA0-DCD466C94DAF}.Release|Any CPU.Build.0 = Release|Any CPU
		{9AFB99ED-40CA-4992-A301-EEF8519C7240}.Debug|Any CPU.ActiveCfg = Debug|Any CPU
		{9AFB99ED-40CA-4992-A301-EEF8519C7240}.Debug|Any CPU.Build.0 = Debug|Any CPU
		{9AFB99ED-40CA-4992-A301-EEF8519C7240}.Release|Any CPU.ActiveCfg = Release|Any CPU
		{9AFB99ED-40CA-4992-A301-EEF8519C7240}.Release|Any CPU.Build.0 = Release|Any CPU
		{74D017BE-39B9-4D77-9E08-1DF7B8A4FE62}.Debug|Any CPU.ActiveCfg = Debug|Any CPU
		{74D017BE-39B9-4D77-9E08-1DF7B8A4FE62}.Debug|Any CPU.Build.0 = Debug|Any CPU
		{74D017BE-39B9-4D77-9E08-1DF7B8A4FE62}.Release|Any CPU.ActiveCfg = Release|Any CPU
		{74D017BE-39B9-4D77-9E08-1DF7B8A4FE62}.Release|Any CPU.Build.0 = Release|Any CPU
		{97F34780-1E43-49AA-9FCA-798815A69E77}.Debug|Any CPU.ActiveCfg = Debug|Any CPU
		{97F34780-1E43-49AA-9FCA-798815A69E77}.Debug|Any CPU.Build.0 = Debug|Any CPU
		{97F34780-1E43-49AA-9FCA-798815A69E77}.Release|Any CPU.ActiveCfg = Release|Any CPU
		{97F34780-1E43-49AA-9FCA-798815A69E77}.Release|Any CPU.Build.0 = Release|Any CPU
		{25D85FA0-461E-4BB1-A956-55DA4835122A}.Debug|Any CPU.ActiveCfg = Debug|Any CPU
		{25D85FA0-461E-4BB1-A956-55DA4835122A}.Debug|Any CPU.Build.0 = Debug|Any CPU
		{25D85FA0-461E-4BB1-A956-55DA4835122A}.Release|Any CPU.ActiveCfg = Release|Any CPU
		{25D85FA0-461E-4BB1-A956-55DA4835122A}.Release|Any CPU.Build.0 = Release|Any CPU
		{4971758B-7FA0-489F-A5EF-5913385BB672}.Debug|Any CPU.ActiveCfg = Debug|Any CPU
		{4971758B-7FA0-489F-A5EF-5913385BB672}.Debug|Any CPU.Build.0 = Debug|Any CPU
		{4971758B-7FA0-489F-A5EF-5913385BB672}.Release|Any CPU.ActiveCfg = Release|Any CPU
		{4971758B-7FA0-489F-A5EF-5913385BB672}.Release|Any CPU.Build.0 = Release|Any CPU
		{37EF7822-C019-4075-98FE-08E61627C707}.Debug|Any CPU.ActiveCfg = Debug|Any CPU
		{37EF7822-C019-4075-98FE-08E61627C707}.Debug|Any CPU.Build.0 = Debug|Any CPU
		{37EF7822-C019-4075-98FE-08E61627C707}.Release|Any CPU.ActiveCfg = Release|Any CPU
		{37EF7822-C019-4075-98FE-08E61627C707}.Release|Any CPU.Build.0 = Release|Any CPU
		{7E36DB27-CCC9-4289-B7FF-A645A64B0CF8}.Debug|Any CPU.ActiveCfg = Debug|Any CPU
		{7E36DB27-CCC9-4289-B7FF-A645A64B0CF8}.Debug|Any CPU.Build.0 = Debug|Any CPU
		{7E36DB27-CCC9-4289-B7FF-A645A64B0CF8}.Release|Any CPU.ActiveCfg = Release|Any CPU
		{7E36DB27-CCC9-4289-B7FF-A645A64B0CF8}.Release|Any CPU.Build.0 = Release|Any CPU
		{25C99D9E-8203-4DC9-9C54-64C06277F4D6}.Debug|Any CPU.ActiveCfg = Debug|Any CPU
		{25C99D9E-8203-4DC9-9C54-64C06277F4D6}.Debug|Any CPU.Build.0 = Debug|Any CPU
		{25C99D9E-8203-4DC9-9C54-64C06277F4D6}.Release|Any CPU.ActiveCfg = Release|Any CPU
		{25C99D9E-8203-4DC9-9C54-64C06277F4D6}.Release|Any CPU.Build.0 = Release|Any CPU
		{81072338-3624-4DF7-9772-D3921FE3A02C}.Debug|Any CPU.ActiveCfg = Debug|Any CPU
		{81072338-3624-4DF7-9772-D3921FE3A02C}.Debug|Any CPU.Build.0 = Debug|Any CPU
		{81072338-3624-4DF7-9772-D3921FE3A02C}.Release|Any CPU.ActiveCfg = Release|Any CPU
		{81072338-3624-4DF7-9772-D3921FE3A02C}.Release|Any CPU.Build.0 = Release|Any CPU
		{D0F99E3F-CCF7-479A-B471-3979563E3130}.Debug|Any CPU.ActiveCfg = Debug|Any CPU
		{D0F99E3F-CCF7-479A-B471-3979563E3130}.Debug|Any CPU.Build.0 = Debug|Any CPU
		{D0F99E3F-CCF7-479A-B471-3979563E3130}.Release|Any CPU.ActiveCfg = Release|Any CPU
		{D0F99E3F-CCF7-479A-B471-3979563E3130}.Release|Any CPU.Build.0 = Release|Any CPU
		{6A2BE50F-AF85-450B-A96C-9215B835F66A}.Debug|Any CPU.ActiveCfg = Debug|Any CPU
		{6A2BE50F-AF85-450B-A96C-9215B835F66A}.Debug|Any CPU.Build.0 = Debug|Any CPU
		{6A2BE50F-AF85-450B-A96C-9215B835F66A}.Release|Any CPU.ActiveCfg = Release|Any CPU
		{6A2BE50F-AF85-450B-A96C-9215B835F66A}.Release|Any CPU.Build.0 = Release|Any CPU
		{FB1EC7C4-0D7B-46F5-900D-C1385C412A57}.Debug|Any CPU.ActiveCfg = Debug|Any CPU
		{FB1EC7C4-0D7B-46F5-900D-C1385C412A57}.Debug|Any CPU.Build.0 = Debug|Any CPU
		{FB1EC7C4-0D7B-46F5-900D-C1385C412A57}.Release|Any CPU.ActiveCfg = Release|Any CPU
		{FB1EC7C4-0D7B-46F5-900D-C1385C412A57}.Release|Any CPU.Build.0 = Release|Any CPU
		{3F270385-69CD-4222-B4EC-45C7081D124F}.Debug|Any CPU.ActiveCfg = Debug|Any CPU
		{3F270385-69CD-4222-B4EC-45C7081D124F}.Debug|Any CPU.Build.0 = Debug|Any CPU
		{3F270385-69CD-4222-B4EC-45C7081D124F}.Release|Any CPU.ActiveCfg = Release|Any CPU
		{3F270385-69CD-4222-B4EC-45C7081D124F}.Release|Any CPU.Build.0 = Release|Any CPU
		{E2CEBBAF-6DF7-41E9-815D-9AD4CF90C844}.Debug|Any CPU.ActiveCfg = Debug|Any CPU
		{E2CEBBAF-6DF7-41E9-815D-9AD4CF90C844}.Debug|Any CPU.Build.0 = Debug|Any CPU
		{E2CEBBAF-6DF7-41E9-815D-9AD4CF90C844}.Release|Any CPU.ActiveCfg = Release|Any CPU
		{E2CEBBAF-6DF7-41E9-815D-9AD4CF90C844}.Release|Any CPU.Build.0 = Release|Any CPU
		{5689BC80-9345-4FFC-BDD7-67ECD75A6935}.Debug|Any CPU.ActiveCfg = Debug|Any CPU
		{5689BC80-9345-4FFC-BDD7-67ECD75A6935}.Debug|Any CPU.Build.0 = Debug|Any CPU
		{5689BC80-9345-4FFC-BDD7-67ECD75A6935}.Release|Any CPU.ActiveCfg = Release|Any CPU
		{5689BC80-9345-4FFC-BDD7-67ECD75A6935}.Release|Any CPU.Build.0 = Release|Any CPU
		{4B1350D1-89C2-4541-8F1C-8D0ED85048F2}.Debug|Any CPU.ActiveCfg = Debug|Any CPU
		{4B1350D1-89C2-4541-8F1C-8D0ED85048F2}.Debug|Any CPU.Build.0 = Debug|Any CPU
		{4B1350D1-89C2-4541-8F1C-8D0ED85048F2}.Release|Any CPU.ActiveCfg = Release|Any CPU
		{4B1350D1-89C2-4541-8F1C-8D0ED85048F2}.Release|Any CPU.Build.0 = Release|Any CPU
	EndGlobalSection
	GlobalSection(SolutionProperties) = preSolution
		HideSolutionNode = FALSE
	EndGlobalSection
	GlobalSection(NestedProjects) = preSolution
		{7C446BF8-6C29-44EA-BF60-0F249269464C} = {600D3DDD-0AB7-4C9D-815B-F3BCAE1350DA}
		{EBFDC2CC-2318-45BC-B619-8754439D2541} = {88B0F225-25A1-4710-9346-9653BCEE0D97}
		{D4373A94-4BBC-46D8-BC13-438F0B895467} = {88B0F225-25A1-4710-9346-9653BCEE0D97}
		{99DF2DDB-D964-4E58-BEA0-DCD466C94DAF} = {D4373A94-4BBC-46D8-BC13-438F0B895467}
		{9AFB99ED-40CA-4992-A301-EEF8519C7240} = {D4373A94-4BBC-46D8-BC13-438F0B895467}
		{74D017BE-39B9-4D77-9E08-1DF7B8A4FE62} = {D4373A94-4BBC-46D8-BC13-438F0B895467}
		{97F34780-1E43-49AA-9FCA-798815A69E77} = {EBFDC2CC-2318-45BC-B619-8754439D2541}
		{25D85FA0-461E-4BB1-A956-55DA4835122A} = {EBFDC2CC-2318-45BC-B619-8754439D2541}
		{4971758B-7FA0-489F-A5EF-5913385BB672} = {EBFDC2CC-2318-45BC-B619-8754439D2541}
		{37EF7822-C019-4075-98FE-08E61627C707} = {8CA2014D-1EBA-4CC8-B303-13289F7F279C}
		{7E36DB27-CCC9-4289-B7FF-A645A64B0CF8} = {8CA2014D-1EBA-4CC8-B303-13289F7F279C}
		{25C99D9E-8203-4DC9-9C54-64C06277F4D6} = {8CA2014D-1EBA-4CC8-B303-13289F7F279C}
		{81072338-3624-4DF7-9772-D3921FE3A02C} = {8CA2014D-1EBA-4CC8-B303-13289F7F279C}
		{D0F99E3F-CCF7-479A-B471-3979563E3130} = {8CA2014D-1EBA-4CC8-B303-13289F7F279C}
		{6A2BE50F-AF85-450B-A96C-9215B835F66A} = {8CA2014D-1EBA-4CC8-B303-13289F7F279C}
		{FB1EC7C4-0D7B-46F5-900D-C1385C412A57} = {8CA2014D-1EBA-4CC8-B303-13289F7F279C}
	EndGlobalSection
	GlobalSection(ExtensibilityGlobals) = postSolution
		SolutionGuid = {91BAB16E-7151-425E-919F-2725C0813642}
	EndGlobalSection
EndGlobal
