
Microsoft Visual Studio Solution File, Format Version 12.00
# Visual Studio Version 17
VisualStudioVersion = 17.8.34330.188
MinimumVisualStudioVersion = 10.0.40219.1
Project("{2150E333-8FDC-42A3-9474-1A3956D46DE8}") = "src", "src", "{88B0F225-25A1-4710-9346-9653BCEE0D97}"
EndProject
Project("{2150E333-8FDC-42A3-9474-1A3956D46DE8}") = "tests", "tests", "{7EDF875D-68D7-44F9-B871-984D4B80CB9C}"
EndProject
Project("{9A19103F-16F7-4668-BE54-9A1E7A4F7556}") = "CodeDesignPlus.Net.Microservice", "src\CodeDesignPlus.Net.Microservice\CodeDesignPlus.Net.Microservice.csproj", "{44F95D09-EA4B-4F77-A763-4CEDF3A8B5BB}"
EndProject
Project("{9A19103F-16F7-4668-BE54-9A1E7A4F7556}") = "CodeDesignPlus.Net.Microservice.Application", "src\CodeDesignPlus.Net.Microservice.Application\CodeDesignPlus.Net.Microservice.Application.csproj", "{00B859B9-4DC4-4D3D-8A28-0856D1E6C33C}"
EndProject
Project("{9A19103F-16F7-4668-BE54-9A1E7A4F7556}") = "CodeDesignPlus.Net.Microservice.Domain", "src\CodeDesignPlus.Net.Microservice.Domain\CodeDesignPlus.Net.Microservice.Domain.csproj", "{EC30C7A8-D689-4221-A1A8-223999497A60}"
EndProject
Project("{9A19103F-16F7-4668-BE54-9A1E7A4F7556}") = "CodeDesignPlus.Net.Microservice.Infrastructure", "src\CodeDesignPlus.Net.Microservice.Infrastructure\CodeDesignPlus.Net.Microservice.Infrastructure.csproj", "{C4E0A2B7-96B5-40B8-A9B0-E4E6DB1384B4}"
EndProject
Project("{2150E333-8FDC-42A3-9474-1A3956D46DE8}") = "packages", "packages", "{64F9AAB8-03F7-41D4-98EA-CF7CF4E712F4}"
EndProject
Project("{9A19103F-16F7-4668-BE54-9A1E7A4F7556}") = "CodeDesignPlus.Net.Core", "..\CodeDesignPlus.Net.Sdk\packages\CodeDesignPlus.Net.Core\src\CodeDesignPlus.Net.Core\CodeDesignPlus.Net.Core.csproj", "{E6097951-947D-40EE-A07F-FAFC14BA655B}"
EndProject
Project("{9A19103F-16F7-4668-BE54-9A1E7A4F7556}") = "CodeDesignPlus.Net.EFCore", "..\CodeDesignPlus.Net.Sdk\packages\CodeDesignPlus.Net.EFCore\src\CodeDesignPlus.Net.EFCore\CodeDesignPlus.Net.EFCore.csproj", "{405454CC-4600-4B9A-8121-E08229BE990F}"
EndProject
Project("{9A19103F-16F7-4668-BE54-9A1E7A4F7556}") = "CodeDesignPlus.Net.Event.Sourcing", "..\CodeDesignPlus.Net.Sdk\packages\CodeDesignPlus.Net.Event.Sourcing\src\CodeDesignPlus.Net.Event.Sourcing\CodeDesignPlus.Net.Event.Sourcing.csproj", "{CB3BE0C9-64F6-46B1-908F-1C5E6D5AD13B}"
EndProject
Project("{9A19103F-16F7-4668-BE54-9A1E7A4F7556}") = "CodeDesignPlus.Net.EventStore", "..\CodeDesignPlus.Net.Sdk\packages\CodeDesignPlus.Net.EventStore\src\CodeDesignPlus.Net.EventStore\CodeDesignPlus.Net.EventStore.csproj", "{D3D25077-9145-4937-B2C7-FC0ECB16C172}"
EndProject
Project("{9A19103F-16F7-4668-BE54-9A1E7A4F7556}") = "CodeDesignPlus.Net.EventStore.PubSub", "..\CodeDesignPlus.Net.Sdk\packages\CodeDesignPlus.Net.EventStore.PubSub\src\CodeDesignPlus.Net.EventStore.PubSub\CodeDesignPlus.Net.EventStore.PubSub.csproj", "{01888C4F-4577-44B6-939E-FAB338765A50}"
EndProject
Project("{9A19103F-16F7-4668-BE54-9A1E7A4F7556}") = "CodeDesignPlus.Net.File.Storage", "..\CodeDesignPlus.Net.Sdk\packages\CodeDesignPlus.Net.File.Storage\src\CodeDesignPlus.Net.File.Storage\CodeDesignPlus.Net.File.Storage.csproj", "{DD40276F-7033-450C-92D6-20B1536BEAEA}"
EndProject
Project("{9A19103F-16F7-4668-BE54-9A1E7A4F7556}") = "CodeDesignPlus.Net.Kafka", "..\CodeDesignPlus.Net.Sdk\packages\CodeDesignPlus.Net.Kafka\src\CodeDesignPlus.Net.Kafka\CodeDesignPlus.Net.Kafka.csproj", "{483BE39F-4F03-4D14-BAEC-FED6F9CE887E}"
EndProject
Project("{9A19103F-16F7-4668-BE54-9A1E7A4F7556}") = "CodeDesignPlus.Net.Logger", "..\CodeDesignPlus.Net.Sdk\packages\CodeDesignPlus.Net.Logger\src\CodeDesignPlus.Net.Logger\CodeDesignPlus.Net.Logger.csproj", "{0FDC2702-8AC8-4FFC-8DC7-DEB0E5AD3BD6}"
EndProject
Project("{9A19103F-16F7-4668-BE54-9A1E7A4F7556}") = "CodeDesignPlus.Net.Mongo", "..\CodeDesignPlus.Net.Sdk\packages\CodeDesignPlus.Net.Mongo\src\CodeDesignPlus.Net.Mongo\CodeDesignPlus.Net.Mongo.csproj", "{C98216AA-9426-43D4-AA76-71538F806A3E}"
EndProject
Project("{9A19103F-16F7-4668-BE54-9A1E7A4F7556}") = "CodeDesignPlus.Net.PubSub", "..\CodeDesignPlus.Net.Sdk\packages\CodeDesignPlus.Net.PubSub\src\CodeDesignPlus.Net.PubSub\CodeDesignPlus.Net.PubSub.csproj", "{61228779-BAD9-4758-9C90-CD43F6B77D92}"
EndProject
Project("{9A19103F-16F7-4668-BE54-9A1E7A4F7556}") = "CodeDesignPlus.Net.Redis", "..\CodeDesignPlus.Net.Sdk\packages\CodeDesignPlus.Net.Redis\src\CodeDesignPlus.Net.Redis\CodeDesignPlus.Net.Redis.csproj", "{FA0EDD59-483A-4DFD-AB4D-1460AA0ECB09}"
EndProject
Project("{9A19103F-16F7-4668-BE54-9A1E7A4F7556}") = "CodeDesignPlus.Net.Redis.PubSub", "..\CodeDesignPlus.Net.Sdk\packages\CodeDesignPlus.Net.Redis.PubSub\src\CodeDesignPlus.Net.Redis.PubSub\CodeDesignPlus.Net.Redis.PubSub.csproj", "{3950E5ED-5EE3-4DC1-8855-29A61C78B2DC}"
EndProject
Project("{9A19103F-16F7-4668-BE54-9A1E7A4F7556}") = "CodeDesignPlus.Net.Security", "..\CodeDesignPlus.Net.Sdk\packages\CodeDesignPlus.Net.Security\src\CodeDesignPlus.Net.Security\CodeDesignPlus.Net.Security.csproj", "{E49DE3E1-722F-4481-99DC-1E9D2CBBC329}"
EndProject
Project("{9A19103F-16F7-4668-BE54-9A1E7A4F7556}") = "CodeDesignPlus.Net.PubSub.Abstractions", "..\CodeDesignPlus.Net.Sdk\packages\CodeDesignPlus.Net.PubSub\src\CodeDesignPlus.Net.PubSub.Abstractions\CodeDesignPlus.Net.PubSub.Abstractions.csproj", "{316C6789-3FE3-42E4-B6A9-91BDB4DE5B1A}"
EndProject
Project("{9A19103F-16F7-4668-BE54-9A1E7A4F7556}") = "CodeDesignPlus.Net.Core.Abstractions", "..\CodeDesignPlus.Net.Sdk\packages\CodeDesignPlus.Net.Core\src\CodeDesignPlus.Net.Core.Abstractions\CodeDesignPlus.Net.Core.Abstractions.csproj", "{B14FB8A5-9443-4482-B138-4D311A244563}"
EndProject
Project("{9A19103F-16F7-4668-BE54-9A1E7A4F7556}") = "CodeDesignPlus.Net.EFCore.Abstractions", "..\CodeDesignPlus.Net.Sdk\packages\CodeDesignPlus.Net.EFCore\src\CodeDesignPlus.Net.EFCore.Abstractions\CodeDesignPlus.Net.EFCore.Abstractions.csproj", "{EC1E2B60-ECD5-49E4-BAA8-FF3196FB4550}"
EndProject
Project("{9A19103F-16F7-4668-BE54-9A1E7A4F7556}") = "CodeDesignPlus.Net.Event.Sourcing.Abstractions", "..\CodeDesignPlus.Net.Sdk\packages\CodeDesignPlus.Net.Event.Sourcing\src\CodeDesignPlus.Net.Event.Sourcing.Abstractions\CodeDesignPlus.Net.Event.Sourcing.Abstractions.csproj", "{303ABB3B-DAB6-4AD0-8F95-29E395EDB4C7}"
EndProject
Project("{9A19103F-16F7-4668-BE54-9A1E7A4F7556}") = "CodeDesignPlus.Net.EventStore.Abstractions", "..\CodeDesignPlus.Net.Sdk\packages\CodeDesignPlus.Net.EventStore\src\CodeDesignPlus.Net.EventStore.Abstractions\CodeDesignPlus.Net.EventStore.Abstractions.csproj", "{DF85EE77-BC00-4828-9AC7-EE75314E8ED0}"
EndProject
Project("{9A19103F-16F7-4668-BE54-9A1E7A4F7556}") = "CodeDesignPlus.Net.EventStore.PubSub.Abstractions", "..\CodeDesignPlus.Net.Sdk\packages\CodeDesignPlus.Net.EventStore.PubSub\src\CodeDesignPlus.Net.EventStore.PubSub.Abstractions\CodeDesignPlus.Net.EventStore.PubSub.Abstractions.csproj", "{774BCE02-2B4C-4E54-8C2D-AD030D2D1FD8}"
EndProject
Project("{9A19103F-16F7-4668-BE54-9A1E7A4F7556}") = "CodeDesignPlus.Net.File.Storage.Abstractions", "..\CodeDesignPlus.Net.Sdk\packages\CodeDesignPlus.Net.File.Storage\src\CodeDesignPlus.Net.File.Storage.Abstractions\CodeDesignPlus.Net.File.Storage.Abstractions.csproj", "{C08298C2-9D2F-40E2-A8D6-B482FC40DCA9}"
EndProject
Project("{9A19103F-16F7-4668-BE54-9A1E7A4F7556}") = "CodeDesignPlus.Net.Kafka.Abstractions", "..\CodeDesignPlus.Net.Sdk\packages\CodeDesignPlus.Net.Kafka\src\CodeDesignPlus.Net.Kafka.Abstractions\CodeDesignPlus.Net.Kafka.Abstractions.csproj", "{6548DFCE-4AE2-4F69-A9E3-3FCF080B864E}"
EndProject
Project("{9A19103F-16F7-4668-BE54-9A1E7A4F7556}") = "CodeDesignPlus.Net.Mongo.Abstractions", "..\CodeDesignPlus.Net.Sdk\packages\CodeDesignPlus.Net.Mongo\src\CodeDesignPlus.Net.Mongo.Abstractions\CodeDesignPlus.Net.Mongo.Abstractions.csproj", "{CCD29960-6D5E-4618-AF8D-4338036E39F6}"
EndProject
Project("{9A19103F-16F7-4668-BE54-9A1E7A4F7556}") = "CodeDesignPlus.Net.Redis.Abstractions", "..\CodeDesignPlus.Net.Sdk\packages\CodeDesignPlus.Net.Redis\src\CodeDesignPlus.Net.Redis.Abstractions\CodeDesignPlus.Net.Redis.Abstractions.csproj", "{0194D454-D457-429A-8704-55AFB2F14719}"
EndProject
Project("{9A19103F-16F7-4668-BE54-9A1E7A4F7556}") = "CodeDesignPlus.Net.Security.Abstractions", "..\CodeDesignPlus.Net.Sdk\packages\CodeDesignPlus.Net.Security\src\CodeDesignPlus.Net.Security.Abstractions\CodeDesignPlus.Net.Security.Abstractions.csproj", "{470708A8-423B-488B-B788-57C9AB49C1A0}"
EndProject
Project("{2150E333-8FDC-42A3-9474-1A3956D46DE8}") = "resources", "resources", "{600D3DDD-0AB7-4C9D-815B-F3BCAE1350DA}"
	ProjectSection(SolutionItems) = preProject
		resources\docker-compose.yaml = resources\docker-compose.yaml
	EndProjectSection
EndProject
Global
	GlobalSection(SolutionConfigurationPlatforms) = preSolution
		Debug|Any CPU = Debug|Any CPU
		Release|Any CPU = Release|Any CPU
	EndGlobalSection
	GlobalSection(ProjectConfigurationPlatforms) = postSolution
		{44F95D09-EA4B-4F77-A763-4CEDF3A8B5BB}.Debug|Any CPU.ActiveCfg = Debug|Any CPU
		{44F95D09-EA4B-4F77-A763-4CEDF3A8B5BB}.Debug|Any CPU.Build.0 = Debug|Any CPU
		{44F95D09-EA4B-4F77-A763-4CEDF3A8B5BB}.Release|Any CPU.ActiveCfg = Release|Any CPU
		{44F95D09-EA4B-4F77-A763-4CEDF3A8B5BB}.Release|Any CPU.Build.0 = Release|Any CPU
		{00B859B9-4DC4-4D3D-8A28-0856D1E6C33C}.Debug|Any CPU.ActiveCfg = Debug|Any CPU
		{00B859B9-4DC4-4D3D-8A28-0856D1E6C33C}.Debug|Any CPU.Build.0 = Debug|Any CPU
		{00B859B9-4DC4-4D3D-8A28-0856D1E6C33C}.Release|Any CPU.ActiveCfg = Release|Any CPU
		{00B859B9-4DC4-4D3D-8A28-0856D1E6C33C}.Release|Any CPU.Build.0 = Release|Any CPU
		{EC30C7A8-D689-4221-A1A8-223999497A60}.Debug|Any CPU.ActiveCfg = Debug|Any CPU
		{EC30C7A8-D689-4221-A1A8-223999497A60}.Debug|Any CPU.Build.0 = Debug|Any CPU
		{EC30C7A8-D689-4221-A1A8-223999497A60}.Release|Any CPU.ActiveCfg = Release|Any CPU
		{EC30C7A8-D689-4221-A1A8-223999497A60}.Release|Any CPU.Build.0 = Release|Any CPU
		{C4E0A2B7-96B5-40B8-A9B0-E4E6DB1384B4}.Debug|Any CPU.ActiveCfg = Debug|Any CPU
		{C4E0A2B7-96B5-40B8-A9B0-E4E6DB1384B4}.Debug|Any CPU.Build.0 = Debug|Any CPU
		{C4E0A2B7-96B5-40B8-A9B0-E4E6DB1384B4}.Release|Any CPU.ActiveCfg = Release|Any CPU
		{C4E0A2B7-96B5-40B8-A9B0-E4E6DB1384B4}.Release|Any CPU.Build.0 = Release|Any CPU
		{E6097951-947D-40EE-A07F-FAFC14BA655B}.Debug|Any CPU.ActiveCfg = Debug|Any CPU
		{E6097951-947D-40EE-A07F-FAFC14BA655B}.Debug|Any CPU.Build.0 = Debug|Any CPU
		{E6097951-947D-40EE-A07F-FAFC14BA655B}.Release|Any CPU.ActiveCfg = Release|Any CPU
		{E6097951-947D-40EE-A07F-FAFC14BA655B}.Release|Any CPU.Build.0 = Release|Any CPU
		{405454CC-4600-4B9A-8121-E08229BE990F}.Debug|Any CPU.ActiveCfg = Debug|Any CPU
		{405454CC-4600-4B9A-8121-E08229BE990F}.Debug|Any CPU.Build.0 = Debug|Any CPU
		{405454CC-4600-4B9A-8121-E08229BE990F}.Release|Any CPU.ActiveCfg = Release|Any CPU
		{405454CC-4600-4B9A-8121-E08229BE990F}.Release|Any CPU.Build.0 = Release|Any CPU
		{CB3BE0C9-64F6-46B1-908F-1C5E6D5AD13B}.Debug|Any CPU.ActiveCfg = Debug|Any CPU
		{CB3BE0C9-64F6-46B1-908F-1C5E6D5AD13B}.Debug|Any CPU.Build.0 = Debug|Any CPU
		{CB3BE0C9-64F6-46B1-908F-1C5E6D5AD13B}.Release|Any CPU.ActiveCfg = Release|Any CPU
		{CB3BE0C9-64F6-46B1-908F-1C5E6D5AD13B}.Release|Any CPU.Build.0 = Release|Any CPU
		{D3D25077-9145-4937-B2C7-FC0ECB16C172}.Debug|Any CPU.ActiveCfg = Debug|Any CPU
		{D3D25077-9145-4937-B2C7-FC0ECB16C172}.Debug|Any CPU.Build.0 = Debug|Any CPU
		{D3D25077-9145-4937-B2C7-FC0ECB16C172}.Release|Any CPU.ActiveCfg = Release|Any CPU
		{D3D25077-9145-4937-B2C7-FC0ECB16C172}.Release|Any CPU.Build.0 = Release|Any CPU
		{01888C4F-4577-44B6-939E-FAB338765A50}.Debug|Any CPU.ActiveCfg = Debug|Any CPU
		{01888C4F-4577-44B6-939E-FAB338765A50}.Debug|Any CPU.Build.0 = Debug|Any CPU
		{01888C4F-4577-44B6-939E-FAB338765A50}.Release|Any CPU.ActiveCfg = Release|Any CPU
		{01888C4F-4577-44B6-939E-FAB338765A50}.Release|Any CPU.Build.0 = Release|Any CPU
		{DD40276F-7033-450C-92D6-20B1536BEAEA}.Debug|Any CPU.ActiveCfg = Debug|Any CPU
		{DD40276F-7033-450C-92D6-20B1536BEAEA}.Debug|Any CPU.Build.0 = Debug|Any CPU
		{DD40276F-7033-450C-92D6-20B1536BEAEA}.Release|Any CPU.ActiveCfg = Release|Any CPU
		{DD40276F-7033-450C-92D6-20B1536BEAEA}.Release|Any CPU.Build.0 = Release|Any CPU
		{483BE39F-4F03-4D14-BAEC-FED6F9CE887E}.Debug|Any CPU.ActiveCfg = Debug|Any CPU
		{483BE39F-4F03-4D14-BAEC-FED6F9CE887E}.Debug|Any CPU.Build.0 = Debug|Any CPU
		{483BE39F-4F03-4D14-BAEC-FED6F9CE887E}.Release|Any CPU.ActiveCfg = Release|Any CPU
		{483BE39F-4F03-4D14-BAEC-FED6F9CE887E}.Release|Any CPU.Build.0 = Release|Any CPU
		{0FDC2702-8AC8-4FFC-8DC7-DEB0E5AD3BD6}.Debug|Any CPU.ActiveCfg = Debug|Any CPU
		{0FDC2702-8AC8-4FFC-8DC7-DEB0E5AD3BD6}.Debug|Any CPU.Build.0 = Debug|Any CPU
		{0FDC2702-8AC8-4FFC-8DC7-DEB0E5AD3BD6}.Release|Any CPU.ActiveCfg = Release|Any CPU
		{0FDC2702-8AC8-4FFC-8DC7-DEB0E5AD3BD6}.Release|Any CPU.Build.0 = Release|Any CPU
		{C98216AA-9426-43D4-AA76-71538F806A3E}.Debug|Any CPU.ActiveCfg = Debug|Any CPU
		{C98216AA-9426-43D4-AA76-71538F806A3E}.Debug|Any CPU.Build.0 = Debug|Any CPU
		{C98216AA-9426-43D4-AA76-71538F806A3E}.Release|Any CPU.ActiveCfg = Release|Any CPU
		{C98216AA-9426-43D4-AA76-71538F806A3E}.Release|Any CPU.Build.0 = Release|Any CPU
		{61228779-BAD9-4758-9C90-CD43F6B77D92}.Debug|Any CPU.ActiveCfg = Debug|Any CPU
		{61228779-BAD9-4758-9C90-CD43F6B77D92}.Debug|Any CPU.Build.0 = Debug|Any CPU
		{61228779-BAD9-4758-9C90-CD43F6B77D92}.Release|Any CPU.ActiveCfg = Release|Any CPU
		{61228779-BAD9-4758-9C90-CD43F6B77D92}.Release|Any CPU.Build.0 = Release|Any CPU
		{FA0EDD59-483A-4DFD-AB4D-1460AA0ECB09}.Debug|Any CPU.ActiveCfg = Debug|Any CPU
		{FA0EDD59-483A-4DFD-AB4D-1460AA0ECB09}.Debug|Any CPU.Build.0 = Debug|Any CPU
		{FA0EDD59-483A-4DFD-AB4D-1460AA0ECB09}.Release|Any CPU.ActiveCfg = Release|Any CPU
		{FA0EDD59-483A-4DFD-AB4D-1460AA0ECB09}.Release|Any CPU.Build.0 = Release|Any CPU
		{3950E5ED-5EE3-4DC1-8855-29A61C78B2DC}.Debug|Any CPU.ActiveCfg = Debug|Any CPU
		{3950E5ED-5EE3-4DC1-8855-29A61C78B2DC}.Debug|Any CPU.Build.0 = Debug|Any CPU
		{3950E5ED-5EE3-4DC1-8855-29A61C78B2DC}.Release|Any CPU.ActiveCfg = Release|Any CPU
		{3950E5ED-5EE3-4DC1-8855-29A61C78B2DC}.Release|Any CPU.Build.0 = Release|Any CPU
		{E49DE3E1-722F-4481-99DC-1E9D2CBBC329}.Debug|Any CPU.ActiveCfg = Debug|Any CPU
		{E49DE3E1-722F-4481-99DC-1E9D2CBBC329}.Debug|Any CPU.Build.0 = Debug|Any CPU
		{E49DE3E1-722F-4481-99DC-1E9D2CBBC329}.Release|Any CPU.ActiveCfg = Release|Any CPU
		{E49DE3E1-722F-4481-99DC-1E9D2CBBC329}.Release|Any CPU.Build.0 = Release|Any CPU
		{316C6789-3FE3-42E4-B6A9-91BDB4DE5B1A}.Debug|Any CPU.ActiveCfg = Debug|Any CPU
		{316C6789-3FE3-42E4-B6A9-91BDB4DE5B1A}.Debug|Any CPU.Build.0 = Debug|Any CPU
		{316C6789-3FE3-42E4-B6A9-91BDB4DE5B1A}.Release|Any CPU.ActiveCfg = Release|Any CPU
		{316C6789-3FE3-42E4-B6A9-91BDB4DE5B1A}.Release|Any CPU.Build.0 = Release|Any CPU
		{B14FB8A5-9443-4482-B138-4D311A244563}.Debug|Any CPU.ActiveCfg = Debug|Any CPU
		{B14FB8A5-9443-4482-B138-4D311A244563}.Debug|Any CPU.Build.0 = Debug|Any CPU
		{B14FB8A5-9443-4482-B138-4D311A244563}.Release|Any CPU.ActiveCfg = Release|Any CPU
		{B14FB8A5-9443-4482-B138-4D311A244563}.Release|Any CPU.Build.0 = Release|Any CPU
		{EC1E2B60-ECD5-49E4-BAA8-FF3196FB4550}.Debug|Any CPU.ActiveCfg = Debug|Any CPU
		{EC1E2B60-ECD5-49E4-BAA8-FF3196FB4550}.Debug|Any CPU.Build.0 = Debug|Any CPU
		{EC1E2B60-ECD5-49E4-BAA8-FF3196FB4550}.Release|Any CPU.ActiveCfg = Release|Any CPU
		{EC1E2B60-ECD5-49E4-BAA8-FF3196FB4550}.Release|Any CPU.Build.0 = Release|Any CPU
		{303ABB3B-DAB6-4AD0-8F95-29E395EDB4C7}.Debug|Any CPU.ActiveCfg = Debug|Any CPU
		{303ABB3B-DAB6-4AD0-8F95-29E395EDB4C7}.Debug|Any CPU.Build.0 = Debug|Any CPU
		{303ABB3B-DAB6-4AD0-8F95-29E395EDB4C7}.Release|Any CPU.ActiveCfg = Release|Any CPU
		{303ABB3B-DAB6-4AD0-8F95-29E395EDB4C7}.Release|Any CPU.Build.0 = Release|Any CPU
		{DF85EE77-BC00-4828-9AC7-EE75314E8ED0}.Debug|Any CPU.ActiveCfg = Debug|Any CPU
		{DF85EE77-BC00-4828-9AC7-EE75314E8ED0}.Debug|Any CPU.Build.0 = Debug|Any CPU
		{DF85EE77-BC00-4828-9AC7-EE75314E8ED0}.Release|Any CPU.ActiveCfg = Release|Any CPU
		{DF85EE77-BC00-4828-9AC7-EE75314E8ED0}.Release|Any CPU.Build.0 = Release|Any CPU
		{774BCE02-2B4C-4E54-8C2D-AD030D2D1FD8}.Debug|Any CPU.ActiveCfg = Debug|Any CPU
		{774BCE02-2B4C-4E54-8C2D-AD030D2D1FD8}.Debug|Any CPU.Build.0 = Debug|Any CPU
		{774BCE02-2B4C-4E54-8C2D-AD030D2D1FD8}.Release|Any CPU.ActiveCfg = Release|Any CPU
		{774BCE02-2B4C-4E54-8C2D-AD030D2D1FD8}.Release|Any CPU.Build.0 = Release|Any CPU
		{C08298C2-9D2F-40E2-A8D6-B482FC40DCA9}.Debug|Any CPU.ActiveCfg = Debug|Any CPU
		{C08298C2-9D2F-40E2-A8D6-B482FC40DCA9}.Debug|Any CPU.Build.0 = Debug|Any CPU
		{C08298C2-9D2F-40E2-A8D6-B482FC40DCA9}.Release|Any CPU.ActiveCfg = Release|Any CPU
		{C08298C2-9D2F-40E2-A8D6-B482FC40DCA9}.Release|Any CPU.Build.0 = Release|Any CPU
		{6548DFCE-4AE2-4F69-A9E3-3FCF080B864E}.Debug|Any CPU.ActiveCfg = Debug|Any CPU
		{6548DFCE-4AE2-4F69-A9E3-3FCF080B864E}.Debug|Any CPU.Build.0 = Debug|Any CPU
		{6548DFCE-4AE2-4F69-A9E3-3FCF080B864E}.Release|Any CPU.ActiveCfg = Release|Any CPU
		{6548DFCE-4AE2-4F69-A9E3-3FCF080B864E}.Release|Any CPU.Build.0 = Release|Any CPU
		{CCD29960-6D5E-4618-AF8D-4338036E39F6}.Debug|Any CPU.ActiveCfg = Debug|Any CPU
		{CCD29960-6D5E-4618-AF8D-4338036E39F6}.Debug|Any CPU.Build.0 = Debug|Any CPU
		{CCD29960-6D5E-4618-AF8D-4338036E39F6}.Release|Any CPU.ActiveCfg = Release|Any CPU
		{CCD29960-6D5E-4618-AF8D-4338036E39F6}.Release|Any CPU.Build.0 = Release|Any CPU
		{0194D454-D457-429A-8704-55AFB2F14719}.Debug|Any CPU.ActiveCfg = Debug|Any CPU
		{0194D454-D457-429A-8704-55AFB2F14719}.Debug|Any CPU.Build.0 = Debug|Any CPU
		{0194D454-D457-429A-8704-55AFB2F14719}.Release|Any CPU.ActiveCfg = Release|Any CPU
		{0194D454-D457-429A-8704-55AFB2F14719}.Release|Any CPU.Build.0 = Release|Any CPU
		{470708A8-423B-488B-B788-57C9AB49C1A0}.Debug|Any CPU.ActiveCfg = Debug|Any CPU
		{470708A8-423B-488B-B788-57C9AB49C1A0}.Debug|Any CPU.Build.0 = Debug|Any CPU
		{470708A8-423B-488B-B788-57C9AB49C1A0}.Release|Any CPU.ActiveCfg = Release|Any CPU
		{470708A8-423B-488B-B788-57C9AB49C1A0}.Release|Any CPU.Build.0 = Release|Any CPU
	EndGlobalSection
	GlobalSection(SolutionProperties) = preSolution
		HideSolutionNode = FALSE
	EndGlobalSection
	GlobalSection(NestedProjects) = preSolution
		{44F95D09-EA4B-4F77-A763-4CEDF3A8B5BB} = {88B0F225-25A1-4710-9346-9653BCEE0D97}
		{00B859B9-4DC4-4D3D-8A28-0856D1E6C33C} = {88B0F225-25A1-4710-9346-9653BCEE0D97}
		{EC30C7A8-D689-4221-A1A8-223999497A60} = {88B0F225-25A1-4710-9346-9653BCEE0D97}
		{C4E0A2B7-96B5-40B8-A9B0-E4E6DB1384B4} = {88B0F225-25A1-4710-9346-9653BCEE0D97}
		{E6097951-947D-40EE-A07F-FAFC14BA655B} = {64F9AAB8-03F7-41D4-98EA-CF7CF4E712F4}
		{405454CC-4600-4B9A-8121-E08229BE990F} = {64F9AAB8-03F7-41D4-98EA-CF7CF4E712F4}
		{CB3BE0C9-64F6-46B1-908F-1C5E6D5AD13B} = {64F9AAB8-03F7-41D4-98EA-CF7CF4E712F4}
		{D3D25077-9145-4937-B2C7-FC0ECB16C172} = {64F9AAB8-03F7-41D4-98EA-CF7CF4E712F4}
		{01888C4F-4577-44B6-939E-FAB338765A50} = {64F9AAB8-03F7-41D4-98EA-CF7CF4E712F4}
		{DD40276F-7033-450C-92D6-20B1536BEAEA} = {64F9AAB8-03F7-41D4-98EA-CF7CF4E712F4}
		{483BE39F-4F03-4D14-BAEC-FED6F9CE887E} = {64F9AAB8-03F7-41D4-98EA-CF7CF4E712F4}
		{0FDC2702-8AC8-4FFC-8DC7-DEB0E5AD3BD6} = {64F9AAB8-03F7-41D4-98EA-CF7CF4E712F4}
		{C98216AA-9426-43D4-AA76-71538F806A3E} = {64F9AAB8-03F7-41D4-98EA-CF7CF4E712F4}
		{61228779-BAD9-4758-9C90-CD43F6B77D92} = {64F9AAB8-03F7-41D4-98EA-CF7CF4E712F4}
		{FA0EDD59-483A-4DFD-AB4D-1460AA0ECB09} = {64F9AAB8-03F7-41D4-98EA-CF7CF4E712F4}
		{3950E5ED-5EE3-4DC1-8855-29A61C78B2DC} = {64F9AAB8-03F7-41D4-98EA-CF7CF4E712F4}
		{E49DE3E1-722F-4481-99DC-1E9D2CBBC329} = {64F9AAB8-03F7-41D4-98EA-CF7CF4E712F4}
		{316C6789-3FE3-42E4-B6A9-91BDB4DE5B1A} = {64F9AAB8-03F7-41D4-98EA-CF7CF4E712F4}
		{B14FB8A5-9443-4482-B138-4D311A244563} = {64F9AAB8-03F7-41D4-98EA-CF7CF4E712F4}
		{EC1E2B60-ECD5-49E4-BAA8-FF3196FB4550} = {64F9AAB8-03F7-41D4-98EA-CF7CF4E712F4}
		{303ABB3B-DAB6-4AD0-8F95-29E395EDB4C7} = {64F9AAB8-03F7-41D4-98EA-CF7CF4E712F4}
		{DF85EE77-BC00-4828-9AC7-EE75314E8ED0} = {64F9AAB8-03F7-41D4-98EA-CF7CF4E712F4}
		{774BCE02-2B4C-4E54-8C2D-AD030D2D1FD8} = {64F9AAB8-03F7-41D4-98EA-CF7CF4E712F4}
		{C08298C2-9D2F-40E2-A8D6-B482FC40DCA9} = {64F9AAB8-03F7-41D4-98EA-CF7CF4E712F4}
		{6548DFCE-4AE2-4F69-A9E3-3FCF080B864E} = {64F9AAB8-03F7-41D4-98EA-CF7CF4E712F4}
		{CCD29960-6D5E-4618-AF8D-4338036E39F6} = {64F9AAB8-03F7-41D4-98EA-CF7CF4E712F4}
		{0194D454-D457-429A-8704-55AFB2F14719} = {64F9AAB8-03F7-41D4-98EA-CF7CF4E712F4}
		{470708A8-423B-488B-B788-57C9AB49C1A0} = {64F9AAB8-03F7-41D4-98EA-CF7CF4E712F4}
	EndGlobalSection
	GlobalSection(ExtensibilityGlobals) = postSolution
		SolutionGuid = {91BAB16E-7151-425E-919F-2725C0813642}
	EndGlobalSection
EndGlobal
