
Microsoft Visual Studio Solution File, Format Version 12.00
# Visual Studio Version 17
VisualStudioVersion = 17.8.34330.188
MinimumVisualStudioVersion = 10.0.40219.1
Project("{2150E333-8FDC-42A3-9474-1A3956D46DE8}") = "src", "src", "{88B0F225-25A1-4710-9346-9653BCEE0D97}"
EndProject
Project("{2150E333-8FDC-42A3-9474-1A3956D46DE8}") = "resources", "resources", "{600D3DDD-0AB7-4C9D-815B-F3BCAE1350DA}"
	ProjectSection(SolutionItems) = preProject
		resources\docker-compose.yaml = resources\docker-compose.yaml
	EndProjectSection
EndProject
Project("{2150E333-8FDC-42A3-9474-1A3956D46DE8}") = "shared", "shared", "{7C446BF8-6C29-44EA-BF60-0F249269464C}"
	ProjectSection(SolutionItems) = preProject
		resources\shared\grafana-datasources.yaml = resources\shared\grafana-datasources.yaml
		resources\shared\loki-config.yaml = resources\shared\loki-config.yaml
		resources\shared\otel-config.yaml = resources\shared\otel-config.yaml
		resources\shared\prometheus-config.yaml = resources\shared\prometheus-config.yaml
		resources\shared\tempo-config.yaml = resources\shared\tempo-config.yaml
		resources\shared\grafana-dashboards.yaml = resources\shared\grafana-dashboards.yaml
	EndProjectSection
EndProject
Project("{2150E333-8FDC-42A3-9474-1A3956D46DE8}") = "entrypoints", "entrypoints", "{EBFDC2CC-2318-45BC-B619-8754439D2541}"
EndProject
Project("{2150E333-8FDC-42A3-9474-1A3956D46DE8}") = "domain", "domain", "{D4373A94-4BBC-46D8-BC13-438F0B895467}"
EndProject
Project("{FAE04EC0-301F-11D3-BF4B-00C04F79EFBC}") = "CodeDesignPlus.Net.Microservice.Domain", "src\domain\CodeDesignPlus.Net.Microservice.Domain\CodeDesignPlus.Net.Microservice.Domain.csproj", "{99DF2DDB-D964-4E58-BEA0-DCD466C94DAF}"
EndProject
Project("{FAE04EC0-301F-11D3-BF4B-00C04F79EFBC}") = "CodeDesignPlus.Net.Microservice.Application", "src\domain\CodeDesignPlus.Net.Microservice.Application\CodeDesignPlus.Net.Microservice.Application.csproj", "{9AFB99ED-40CA-4992-A301-EEF8519C7240}"
EndProject
Project("{FAE04EC0-301F-11D3-BF4B-00C04F79EFBC}") = "CodeDesignPlus.Net.Microservice.Infrastructure", "src\domain\CodeDesignPlus.Net.Microservice.Infrastructure\CodeDesignPlus.Net.Microservice.Infrastructure.csproj", "{74D017BE-39B9-4D77-9E08-1DF7B8A4FE62}"
EndProject
Project("{FAE04EC0-301F-11D3-BF4B-00C04F79EFBC}") = "CodeDesignPlus.Net.Microservice.AsyncWorker", "src\entrypoints\CodeDesignPlus.Net.Microservice.AsyncWorker\CodeDesignPlus.Net.Microservice.AsyncWorker.csproj", "{97F34780-1E43-49AA-9FCA-798815A69E77}"
EndProject
Project("{FAE04EC0-301F-11D3-BF4B-00C04F79EFBC}") = "CodeDesignPlus.Net.Microservice.gRpc", "src\entrypoints\CodeDesignPlus.Net.Microservice.gRpc\CodeDesignPlus.Net.Microservice.gRpc.csproj", "{25D85FA0-461E-4BB1-A956-55DA4835122A}"
EndProject
Project("{FAE04EC0-301F-11D3-BF4B-00C04F79EFBC}") = "CodeDesignPlus.Net.Microservice.Rest", "src\entrypoints\CodeDesignPlus.Net.Microservice.Rest\CodeDesignPlus.Net.Microservice.Rest.csproj", "{4971758B-7FA0-489F-A5EF-5913385BB672}"
EndProject
Project("{2150E333-8FDC-42A3-9474-1A3956D46DE8}") = "tests", "tests", "{8CA2014D-1EBA-4CC8-B303-13289F7F279C}"
EndProject
Project("{2150E333-8FDC-42A3-9474-1A3956D46DE8}") = "load", "load", "{454F7422-1558-4ECB-9BA6-9C4BF69CF8C6}"
	ProjectSection(SolutionItems) = preProject
		tests\load\load-rest.js = tests\load\load-rest.js
	EndProjectSection
EndProject
Project("{2150E333-8FDC-42A3-9474-1A3956D46DE8}") = "integration", "integration", "{C19E3964-BDFB-41E0-B86C-CA90E3E5F335}"
EndProject
Project("{2150E333-8FDC-42A3-9474-1A3956D46DE8}") = "entrypoints", "entrypoints", "{32897FF5-A392-4179-B598-57CDFC2D1A87}"
EndProject
Project("{2150E333-8FDC-42A3-9474-1A3956D46DE8}") = "domain", "domain", "{A41D5F48-9046-403A-8560-068354ED74A9}"
EndProject
Project("{2150E333-8FDC-42A3-9474-1A3956D46DE8}") = "unit", "unit", "{5769C6DB-68E8-4A8C-B43A-243401CDB4A2}"
EndProject
Project("{2150E333-8FDC-42A3-9474-1A3956D46DE8}") = "scripts", "scripts", "{CE331B2A-8735-469E-80AC-B2994AD8BBFF}"
EndProject
Project("{FAE04EC0-301F-11D3-BF4B-00C04F79EFBC}") = "CodeDesignPlus.Net.Microservice.Application.Test", "tests\unit\domain\CodeDesignPlus.Net.Microservice.Application.Test\CodeDesignPlus.Net.Microservice.Application.Test.csproj", "{76EABAE3-8F75-41E0-81CB-6B8B5A692973}"
EndProject
Project("{FAE04EC0-301F-11D3-BF4B-00C04F79EFBC}") = "CodeDesignPlus.Net.Microservice.Domain.Test", "tests\unit\domain\CodeDesignPlus.Net.Microservice.Domain.Test\CodeDesignPlus.Net.Microservice.Domain.Test.csproj", "{55496196-F18D-444E-88AE-170C6F0D23E9}"
EndProject
Project("{FAE04EC0-301F-11D3-BF4B-00C04F79EFBC}") = "CodeDesignPlus.Net.Microservice.Infrastructure.Test", "tests\unit\domain\CodeDesignPlus.Net.Microservice.Infrastructure.Test\CodeDesignPlus.Net.Microservice.Infrastructure.Test.csproj", "{E1B5FDA0-37E7-4467-A2F8-C5655875121A}"
EndProject
Project("{FAE04EC0-301F-11D3-BF4B-00C04F79EFBC}") = "CodeDesignPlus.Net.Microservice.AsyncWorker.Test", "tests\unit\entrypoints\CodeDesignPlus.Net.Microservice.AsyncWorker.Test\CodeDesignPlus.Net.Microservice.AsyncWorker.Test.csproj", "{89C9CAD5-BA8E-4BF5-BBA4-076353588982}"
EndProject
Project("{FAE04EC0-301F-11D3-BF4B-00C04F79EFBC}") = "CodeDesignPlus.Net.Microservice.gRpc.Test", "tests\unit\entrypoints\CodeDesignPlus.Net.Microservice.gRpc.Test\CodeDesignPlus.Net.Microservice.gRpc.Test.csproj", "{E1701916-4F93-4A6D-8395-BB890821625A}"
EndProject
Project("{FAE04EC0-301F-11D3-BF4B-00C04F79EFBC}") = "CodeDesignPlus.Net.Microservice.Rest.Test", "tests\unit\entrypoints\CodeDesignPlus.Net.Microservice.Rest.Test\CodeDesignPlus.Net.Microservice.Rest.Test.csproj", "{1171DD25-3941-4CFB-9E16-148A8974482D}"
EndProject
Project("{FAE04EC0-301F-11D3-BF4B-00C04F79EFBC}") = "CodeDesignPlus.Net.Microservice.Rest.Test", "tests\integration\CodeDesignPlus.Net.Microservice.Rest.Test\CodeDesignPlus.Net.Microservice.Rest.Test.csproj", "{5E9FE4C4-9055-4EAD-A600-BAE1A5D598ED}"
EndProject
Project("{FAE04EC0-301F-11D3-BF4B-00C04F79EFBC}") = "CodeDesignPlus.Net.Microservice.gRpc.Test", "tests\integration\CodeDesignPlus.Net.Microservice.gRpc.Test\CodeDesignPlus.Net.Microservice.gRpc.Test.csproj", "{0C61268F-92C9-4A73-ACC7-398E70081AC7}"
EndProject
Project("{FAE04EC0-301F-11D3-BF4B-00C04F79EFBC}") = "CodeDesignPlus.Net.Microservice.AsyncWorker.Test", "tests\integration\CodeDesignPlus.Net.Microservice.AsyncWorker.Test\CodeDesignPlus.Net.Microservice.AsyncWorker.Test.csproj", "{32A68CA6-ACF6-4087-8A5C-F838FC8103CF}"
EndProject
Project("{FAE04EC0-301F-11D3-BF4B-00C04F79EFBC}") = "CodeDesignPlus.Net.Microservice.Default.Test", "tests\unit\CodeDesignPlus.Net.Microservice.Default.Test\CodeDesignPlus.Net.Microservice.Default.Test.csproj", "{B12A45BC-E91E-4AB0-92D4-5F25598C43E7}"
EndProject
Global
	GlobalSection(SolutionConfigurationPlatforms) = preSolution
		Debug|Any CPU = Debug|Any CPU
		Release|Any CPU = Release|Any CPU
	EndGlobalSection
	GlobalSection(ProjectConfigurationPlatforms) = postSolution
		{99DF2DDB-D964-4E58-BEA0-DCD466C94DAF}.Debug|Any CPU.ActiveCfg = Debug|Any CPU
		{99DF2DDB-D964-4E58-BEA0-DCD466C94DAF}.Debug|Any CPU.Build.0 = Debug|Any CPU
		{99DF2DDB-D964-4E58-BEA0-DCD466C94DAF}.Release|Any CPU.ActiveCfg = Release|Any CPU
		{99DF2DDB-D964-4E58-BEA0-DCD466C94DAF}.Release|Any CPU.Build.0 = Release|Any CPU
		{9AFB99ED-40CA-4992-A301-EEF8519C7240}.Debug|Any CPU.ActiveCfg = Debug|Any CPU
		{9AFB99ED-40CA-4992-A301-EEF8519C7240}.Debug|Any CPU.Build.0 = Debug|Any CPU
		{9AFB99ED-40CA-4992-A301-EEF8519C7240}.Release|Any CPU.ActiveCfg = Release|Any CPU
		{9AFB99ED-40CA-4992-A301-EEF8519C7240}.Release|Any CPU.Build.0 = Release|Any CPU
		{74D017BE-39B9-4D77-9E08-1DF7B8A4FE62}.Debug|Any CPU.ActiveCfg = Debug|Any CPU
		{74D017BE-39B9-4D77-9E08-1DF7B8A4FE62}.Debug|Any CPU.Build.0 = Debug|Any CPU
		{74D017BE-39B9-4D77-9E08-1DF7B8A4FE62}.Release|Any CPU.ActiveCfg = Release|Any CPU
		{74D017BE-39B9-4D77-9E08-1DF7B8A4FE62}.Release|Any CPU.Build.0 = Release|Any CPU
		{97F34780-1E43-49AA-9FCA-798815A69E77}.Debug|Any CPU.ActiveCfg = Debug|Any CPU
		{97F34780-1E43-49AA-9FCA-798815A69E77}.Debug|Any CPU.Build.0 = Debug|Any CPU
		{97F34780-1E43-49AA-9FCA-798815A69E77}.Release|Any CPU.ActiveCfg = Release|Any CPU
		{97F34780-1E43-49AA-9FCA-798815A69E77}.Release|Any CPU.Build.0 = Release|Any CPU
		{25D85FA0-461E-4BB1-A956-55DA4835122A}.Debug|Any CPU.ActiveCfg = Debug|Any CPU
		{25D85FA0-461E-4BB1-A956-55DA4835122A}.Debug|Any CPU.Build.0 = Debug|Any CPU
		{25D85FA0-461E-4BB1-A956-55DA4835122A}.Release|Any CPU.ActiveCfg = Release|Any CPU
		{25D85FA0-461E-4BB1-A956-55DA4835122A}.Release|Any CPU.Build.0 = Release|Any CPU
		{4971758B-7FA0-489F-A5EF-5913385BB672}.Debug|Any CPU.ActiveCfg = Debug|Any CPU
		{4971758B-7FA0-489F-A5EF-5913385BB672}.Debug|Any CPU.Build.0 = Debug|Any CPU
		{4971758B-7FA0-489F-A5EF-5913385BB672}.Release|Any CPU.ActiveCfg = Release|Any CPU
		{4971758B-7FA0-489F-A5EF-5913385BB672}.Release|Any CPU.Build.0 = Release|Any CPU
		{76EABAE3-8F75-41E0-81CB-6B8B5A692973}.Debug|Any CPU.ActiveCfg = Debug|Any CPU
		{76EABAE3-8F75-41E0-81CB-6B8B5A692973}.Debug|Any CPU.Build.0 = Debug|Any CPU
		{76EABAE3-8F75-41E0-81CB-6B8B5A692973}.Release|Any CPU.ActiveCfg = Release|Any CPU
		{76EABAE3-8F75-41E0-81CB-6B8B5A692973}.Release|Any CPU.Build.0 = Release|Any CPU
		{55496196-F18D-444E-88AE-170C6F0D23E9}.Debug|Any CPU.ActiveCfg = Debug|Any CPU
		{55496196-F18D-444E-88AE-170C6F0D23E9}.Debug|Any CPU.Build.0 = Debug|Any CPU
		{55496196-F18D-444E-88AE-170C6F0D23E9}.Release|Any CPU.ActiveCfg = Release|Any CPU
		{55496196-F18D-444E-88AE-170C6F0D23E9}.Release|Any CPU.Build.0 = Release|Any CPU
		{E1B5FDA0-37E7-4467-A2F8-C5655875121A}.Debug|Any CPU.ActiveCfg = Debug|Any CPU
		{E1B5FDA0-37E7-4467-A2F8-C5655875121A}.Debug|Any CPU.Build.0 = Debug|Any CPU
		{E1B5FDA0-37E7-4467-A2F8-C5655875121A}.Release|Any CPU.ActiveCfg = Release|Any CPU
		{E1B5FDA0-37E7-4467-A2F8-C5655875121A}.Release|Any CPU.Build.0 = Release|Any CPU
		{89C9CAD5-BA8E-4BF5-BBA4-076353588982}.Debug|Any CPU.ActiveCfg = Debug|Any CPU
		{89C9CAD5-BA8E-4BF5-BBA4-076353588982}.Debug|Any CPU.Build.0 = Debug|Any CPU
		{89C9CAD5-BA8E-4BF5-BBA4-076353588982}.Release|Any CPU.ActiveCfg = Release|Any CPU
		{89C9CAD5-BA8E-4BF5-BBA4-076353588982}.Release|Any CPU.Build.0 = Release|Any CPU
		{E1701916-4F93-4A6D-8395-BB890821625A}.Debug|Any CPU.ActiveCfg = Debug|Any CPU
		{E1701916-4F93-4A6D-8395-BB890821625A}.Debug|Any CPU.Build.0 = Debug|Any CPU
		{E1701916-4F93-4A6D-8395-BB890821625A}.Release|Any CPU.ActiveCfg = Release|Any CPU
		{E1701916-4F93-4A6D-8395-BB890821625A}.Release|Any CPU.Build.0 = Release|Any CPU
		{1171DD25-3941-4CFB-9E16-148A8974482D}.Debug|Any CPU.ActiveCfg = Debug|Any CPU
		{1171DD25-3941-4CFB-9E16-148A8974482D}.Debug|Any CPU.Build.0 = Debug|Any CPU
		{1171DD25-3941-4CFB-9E16-148A8974482D}.Release|Any CPU.ActiveCfg = Release|Any CPU
		{1171DD25-3941-4CFB-9E16-148A8974482D}.Release|Any CPU.Build.0 = Release|Any CPU
		{5E9FE4C4-9055-4EAD-A600-BAE1A5D598ED}.Debug|Any CPU.ActiveCfg = Debug|Any CPU
		{5E9FE4C4-9055-4EAD-A600-BAE1A5D598ED}.Debug|Any CPU.Build.0 = Debug|Any CPU
		{5E9FE4C4-9055-4EAD-A600-BAE1A5D598ED}.Release|Any CPU.ActiveCfg = Release|Any CPU
		{5E9FE4C4-9055-4EAD-A600-BAE1A5D598ED}.Release|Any CPU.Build.0 = Release|Any CPU
		{0C61268F-92C9-4A73-ACC7-398E70081AC7}.Debug|Any CPU.ActiveCfg = Debug|Any CPU
		{0C61268F-92C9-4A73-ACC7-398E70081AC7}.Debug|Any CPU.Build.0 = Debug|Any CPU
		{0C61268F-92C9-4A73-ACC7-398E70081AC7}.Release|Any CPU.ActiveCfg = Release|Any CPU
		{0C61268F-92C9-4A73-ACC7-398E70081AC7}.Release|Any CPU.Build.0 = Release|Any CPU
		{32A68CA6-ACF6-4087-8A5C-F838FC8103CF}.Debug|Any CPU.ActiveCfg = Debug|Any CPU
		{32A68CA6-ACF6-4087-8A5C-F838FC8103CF}.Debug|Any CPU.Build.0 = Debug|Any CPU
		{32A68CA6-ACF6-4087-8A5C-F838FC8103CF}.Release|Any CPU.ActiveCfg = Release|Any CPU
		{32A68CA6-ACF6-4087-8A5C-F838FC8103CF}.Release|Any CPU.Build.0 = Release|Any CPU
		{B12A45BC-E91E-4AB0-92D4-5F25598C43E7}.Debug|Any CPU.ActiveCfg = Debug|Any CPU
		{B12A45BC-E91E-4AB0-92D4-5F25598C43E7}.Debug|Any CPU.Build.0 = Debug|Any CPU
		{B12A45BC-E91E-4AB0-92D4-5F25598C43E7}.Release|Any CPU.ActiveCfg = Release|Any CPU
		{B12A45BC-E91E-4AB0-92D4-5F25598C43E7}.Release|Any CPU.Build.0 = Release|Any CPU
	EndGlobalSection
	GlobalSection(SolutionProperties) = preSolution
		HideSolutionNode = FALSE
	EndGlobalSection
	GlobalSection(NestedProjects) = preSolution
		{7C446BF8-6C29-44EA-BF60-0F249269464C} = {600D3DDD-0AB7-4C9D-815B-F3BCAE1350DA}
		{EBFDC2CC-2318-45BC-B619-8754439D2541} = {88B0F225-25A1-4710-9346-9653BCEE0D97}
		{D4373A94-4BBC-46D8-BC13-438F0B895467} = {88B0F225-25A1-4710-9346-9653BCEE0D97}
		{99DF2DDB-D964-4E58-BEA0-DCD466C94DAF} = {D4373A94-4BBC-46D8-BC13-438F0B895467}
		{9AFB99ED-40CA-4992-A301-EEF8519C7240} = {D4373A94-4BBC-46D8-BC13-438F0B895467}
		{74D017BE-39B9-4D77-9E08-1DF7B8A4FE62} = {D4373A94-4BBC-46D8-BC13-438F0B895467}
		{97F34780-1E43-49AA-9FCA-798815A69E77} = {EBFDC2CC-2318-45BC-B619-8754439D2541}
		{25D85FA0-461E-4BB1-A956-55DA4835122A} = {EBFDC2CC-2318-45BC-B619-8754439D2541}
		{4971758B-7FA0-489F-A5EF-5913385BB672} = {EBFDC2CC-2318-45BC-B619-8754439D2541}
		{454F7422-1558-4ECB-9BA6-9C4BF69CF8C6} = {8CA2014D-1EBA-4CC8-B303-13289F7F279C}
		{C19E3964-BDFB-41E0-B86C-CA90E3E5F335} = {8CA2014D-1EBA-4CC8-B303-13289F7F279C}
		{32897FF5-A392-4179-B598-57CDFC2D1A87} = {5769C6DB-68E8-4A8C-B43A-243401CDB4A2}
		{A41D5F48-9046-403A-8560-068354ED74A9} = {5769C6DB-68E8-4A8C-B43A-243401CDB4A2}
		{5769C6DB-68E8-4A8C-B43A-243401CDB4A2} = {8CA2014D-1EBA-4CC8-B303-13289F7F279C}
		{76EABAE3-8F75-41E0-81CB-6B8B5A692973} = {A41D5F48-9046-403A-8560-068354ED74A9}
		{55496196-F18D-444E-88AE-170C6F0D23E9} = {A41D5F48-9046-403A-8560-068354ED74A9}
		{E1B5FDA0-37E7-4467-A2F8-C5655875121A} = {A41D5F48-9046-403A-8560-068354ED74A9}
		{89C9CAD5-BA8E-4BF5-BBA4-076353588982} = {32897FF5-A392-4179-B598-57CDFC2D1A87}
		{E1701916-4F93-4A6D-8395-BB890821625A} = {32897FF5-A392-4179-B598-57CDFC2D1A87}
		{1171DD25-3941-4CFB-9E16-148A8974482D} = {32897FF5-A392-4179-B598-57CDFC2D1A87}
		{5E9FE4C4-9055-4EAD-A600-BAE1A5D598ED} = {C19E3964-BDFB-41E0-B86C-CA90E3E5F335}
		{0C61268F-92C9-4A73-ACC7-398E70081AC7} = {C19E3964-BDFB-41E0-B86C-CA90E3E5F335}
		{32A68CA6-ACF6-4087-8A5C-F838FC8103CF} = {C19E3964-BDFB-41E0-B86C-CA90E3E5F335}
		{B12A45BC-E91E-4AB0-92D4-5F25598C43E7} = {5769C6DB-68E8-4A8C-B43A-243401CDB4A2}
	EndGlobalSection
	GlobalSection(ExtensibilityGlobals) = postSolution
		SolutionGuid = {91BAB16E-7151-425E-919F-2725C0813642}
	EndGlobalSection
EndGlobal
